# THIS IS AN AUTOGENERATED FILE. DO NOT EDIT THIS FILE DIRECTLY.
# yarn lockfile v1


array-buffer-byte-length@^1.0.0:
  version "1.0.0"
  resolved "https://registry.npmmirror.com/array-buffer-byte-length/-/array-buffer-byte-length-1.0.0.tgz#fabe8bc193fea865f317fe7807085ee0dee5aead"
  integrity sha512-LPuwb2P+NrQw3XhxGc36+XSvuBPopovXYTR9Ew++Du9Yb/bx5AzBfrIsBoj0EZUifjQU+sHL21sseZ3jerWO/A==
  dependencies:
    call-bind "^1.0.2"
    is-array-buffer "^3.0.1"

arraybuffer.prototype.slice@^1.0.2:
  version "1.0.2"
  resolved "https://registry.npmmirror.com/arraybuffer.prototype.slice/-/arraybuffer.prototype.slice-1.0.2.tgz#98bd561953e3e74bb34938e77647179dfe6e9f12"
  integrity sha512-yMBKppFur/fbHu9/6USUe03bZ4knMYiwFBcyiaXB8Go0qNehwX6inYPzK9U0NeQvGxKthcmHcaR8P5MStSRBAw==
  dependencies:
    array-buffer-byte-length "^1.0.0"
    call-bind "^1.0.2"
    define-properties "^1.2.0"
    es-abstract "^1.22.1"
    get-intrinsic "^1.2.1"
    is-array-buffer "^3.0.2"
    is-shared-array-buffer "^1.0.2"

autosize@3.0.21:
  version "3.0.21"
  resolved "https://registry.npmmirror.com/autosize/-/autosize-3.0.21.tgz#f182f40d17757d978a139a4c9ca40c4c0e448603"
  integrity sha512-xGFj5jTV4up6+fxRwtnAWiCIx/5N0tEnFn5rdhAkK1Lq2mliLMuGJgP5Bf4phck3sHGYrVKpYwugfJ61MSz9nA==

available-typed-arrays@^1.0.5:
  version "1.0.5"
  resolved "https://registry.npmmirror.com/available-typed-arrays/-/available-typed-arrays-1.0.5.tgz#92f95616501069d07d10edb2fc37d3e1c65123b7"
  integrity sha512-DMD0KiN46eipeziST1LPP/STfDU0sufISXmjSgvVsoU2tqxctQeASejWcfNtxYKqETM1UxQ8sp2OrSBWpHY6sw==

axios@0.19.2:
  version "0.19.2"
  resolved "https://registry.npmmirror.com/axios/-/axios-0.19.2.tgz#3ea36c5d8818d0d5f8a8a97a6d36b86cdc00cb27"
  integrity sha512-fjgm5MvRHLhx+osE2xoekY70AhARk3a6hkN+3Io1jc00jtquGvxYlKlsFUhmUET0V5te6CcZI7lcv2Ym61mjHA==
  dependencies:
    follow-redirects "1.5.10"

call-bind@^1.0.0, call-bind@^1.0.2, call-bind@^1.0.4, call-bind@^1.0.5:
  version "1.0.5"
  resolved "https://registry.npmmirror.com/call-bind/-/call-bind-1.0.5.tgz#6fa2b7845ce0ea49bf4d8b9ef64727a2c2e2e513"
  integrity sha512-C3nQxfFZxFRVoJoGKKI8y3MOEo129NQ+FgQ08iye+Mk4zNZZGdjfs06bVTr+DBSlA66Q2VEcMki/cUCP4SercQ==
  dependencies:
    function-bind "^1.1.2"
    get-intrinsic "^1.2.1"
    set-function-length "^1.1.1"

date-fns@2.16.1:
  version "2.16.1"
  resolved "https://registry.npmmirror.com/date-fns/-/date-fns-2.16.1.tgz#05775792c3f3331da812af253e1a935851d3834b"
  integrity sha512-sAJVKx/FqrLYHAQeN7VpJrPhagZc9R4ImZIWYRFZaaohR3KzmuK88touwsSwSVT8Qcbd4zoDsnGfX4GFB4imyQ==

debug@=3.1.0:
  version "3.1.0"
  resolved "https://registry.npmmirror.com/debug/-/debug-3.1.0.tgz#5bb5a0672628b64149566ba16819e61518c67261"
  integrity sha512-OX8XqP7/1a9cqkxYw2yXss15f26NKWBpDXQd0/uK/KPqdQhxbPa994hnzjcE2VqQpDslf55723cKPUOGSmMY3g==
  dependencies:
    ms "2.0.0"

define-data-property@^1.0.1, define-data-property@^1.1.1:
  version "1.1.1"
  resolved "https://registry.npmmirror.com/define-data-property/-/define-data-property-1.1.1.tgz#c35f7cd0ab09883480d12ac5cb213715587800b3"
  integrity sha512-E7uGkTzkk1d0ByLeSc6ZsFS79Axg+m1P/VsgYsxHgiuc3tFSj+MjMIwe90FC4lOAZzNBdY7kkO2P2wKdsQ1vgQ==
  dependencies:
    get-intrinsic "^1.2.1"
    gopd "^1.0.1"
    has-property-descriptors "^1.0.0"

define-properties@^1.1.3, define-properties@^1.2.0, define-properties@^1.2.1:
  version "1.2.1"
  resolved "https://registry.npmmirror.com/define-properties/-/define-properties-1.2.1.tgz#10781cc616eb951a80a034bafcaa7377f6af2b6c"
  integrity sha512-8QmQKqEASLd5nx0U1B1okLElbUuuttJ/AnYmRXbbbGDWh6uS208EjD4Xqq/I9wK7u0v6O08XhTWnt5XtEbR6Dg==
  dependencies:
    define-data-property "^1.0.1"
    has-property-descriptors "^1.0.0"
    object-keys "^1.1.1"

es-abstract@^1.22.1:
  version "1.22.3"
  resolved "https://registry.npmmirror.com/es-abstract/-/es-abstract-1.22.3.tgz#48e79f5573198de6dee3589195727f4f74bc4f32"
  integrity sha512-eiiY8HQeYfYH2Con2berK+To6GrK2RxbPawDkGq4UiCQQfZHb6wX9qQqkbpPqaxQFcl8d9QzZqo0tGE0VcrdwA==
  dependencies:
    array-buffer-byte-length "^1.0.0"
    arraybuffer.prototype.slice "^1.0.2"
    available-typed-arrays "^1.0.5"
    call-bind "^1.0.5"
    es-set-tostringtag "^2.0.1"
    es-to-primitive "^1.2.1"
    function.prototype.name "^1.1.6"
    get-intrinsic "^1.2.2"
    get-symbol-description "^1.0.0"
    globalthis "^1.0.3"
    gopd "^1.0.1"
    has-property-descriptors "^1.0.0"
    has-proto "^1.0.1"
    has-symbols "^1.0.3"
    hasown "^2.0.0"
    internal-slot "^1.0.5"
    is-array-buffer "^3.0.2"
    is-callable "^1.2.7"
    is-negative-zero "^2.0.2"
    is-regex "^1.1.4"
    is-shared-array-buffer "^1.0.2"
    is-string "^1.0.7"
    is-typed-array "^1.1.12"
    is-weakref "^1.0.2"
    object-inspect "^1.13.1"
    object-keys "^1.1.1"
    object.assign "^4.1.4"
    regexp.prototype.flags "^1.5.1"
    safe-array-concat "^1.0.1"
    safe-regex-test "^1.0.0"
    string.prototype.trim "^1.2.8"
    string.prototype.trimend "^1.0.7"
    string.prototype.trimstart "^1.0.7"
    typed-array-buffer "^1.0.0"
    typed-array-byte-length "^1.0.0"
    typed-array-byte-offset "^1.0.0"
    typed-array-length "^1.0.4"
    unbox-primitive "^1.0.2"
    which-typed-array "^1.1.13"

es-set-tostringtag@^2.0.1:
  version "2.0.2"
  resolved "https://registry.npmmirror.com/es-set-tostringtag/-/es-set-tostringtag-2.0.2.tgz#11f7cc9f63376930a5f20be4915834f4bc74f9c9"
  integrity sha512-BuDyupZt65P9D2D2vA/zqcI3G5xRsklm5N3xCwuiy+/vKy8i0ifdsQP1sLgO4tZDSCaQUSnmC48khknGMV3D2Q==
  dependencies:
    get-intrinsic "^1.2.2"
    has-tostringtag "^1.0.0"
    hasown "^2.0.0"

es-to-primitive@^1.2.1:
  version "1.2.1"
  resolved "https://registry.npmmirror.com/es-to-primitive/-/es-to-primitive-1.2.1.tgz#e55cd4c9cdc188bcefb03b366c736323fc5c898a"
  integrity sha512-QCOllgZJtaUo9miYBcLChTUaHNjJF3PYs1VidD7AwiEj1kYxKeQTctLAezAOH5ZKRH0g2IgPn6KwB4IT8iRpvA==
  dependencies:
    is-callable "^1.1.4"
    is-date-object "^1.0.1"
    is-symbol "^1.0.2"

es6-promise@4.1.1:
  version "4.1.1"
  resolved "https://registry.npmmirror.com/es6-promise/-/es6-promise-4.1.1.tgz#8811e90915d9a0dba36274f0b242dbda78f9c92a"
  integrity sha512-OaU1hHjgJf+b0NzsxCg7NdIYERD6Hy/PEmFLTjw+b65scuisG3Kt4QoTvJ66BBkPZ581gr0kpoVzKnxniM8nng==

follow-redirects@1.5.10:
  version "1.5.10"
  resolved "https://registry.npmmirror.com/follow-redirects/-/follow-redirects-1.5.10.tgz#7b7a9f9aea2fdff36786a94ff643ed07f4ff5e2a"
  integrity sha512-0V5l4Cizzvqt5D44aTXbFZz+FtyXV1vrDN6qrelxtfYQKW0KO0W2T/hkE8xvGa/540LkZlkaUjO4ailYTFtHVQ==
  dependencies:
    debug "=3.1.0"

for-each@^0.3.2, for-each@^0.3.3:
  version "0.3.3"
  resolved "https://registry.npmmirror.com/for-each/-/for-each-0.3.3.tgz#69b447e88a0a5d32c3e7084f3f1710034b21376e"
  integrity sha512-jqYfLp7mo9vIyQf8ykW2v7A+2N4QjeCeI5+Dz9XraiO1ign81wjiH7Fb9vSOWvQfNtmSa4H2RoQTrrXivdUZmw==
  dependencies:
    is-callable "^1.1.3"

function-bind@^1.1.2:
  version "1.1.2"
  resolved "https://registry.npmmirror.com/function-bind/-/function-bind-1.1.2.tgz#2c02d864d97f3ea6c8830c464cbd11ab6eab7a1c"
  integrity sha512-7XHNxH7qX9xG5mIwxkhumTox/MIRNcOgDrxWsMt2pAr23WHp6MrRlN7FBSFpCpr+oVO0F744iUgR82nJMfG2SA==

function.prototype.name@^1.1.6:
  version "1.1.6"
  resolved "https://registry.npmmirror.com/function.prototype.name/-/function.prototype.name-1.1.6.tgz#cdf315b7d90ee77a4c6ee216c3c3362da07533fd"
  integrity sha512-Z5kx79swU5P27WEayXM1tBi5Ze/lbIyiNgU3qyXUOf9b2rgXYyF9Dy9Cx+IQv/Lc8WCG6L82zwUPpSS9hGehIg==
  dependencies:
    call-bind "^1.0.2"
    define-properties "^1.2.0"
    es-abstract "^1.22.1"
    functions-have-names "^1.2.3"

functions-have-names@^1.2.3:
  version "1.2.3"
  resolved "https://registry.npmmirror.com/functions-have-names/-/functions-have-names-1.2.3.tgz#0404fe4ee2ba2f607f0e0ec3c80bae994133b834"
  integrity sha512-xckBUXyTIqT97tq2x2AMb+g163b5JFysYk0x4qxNFwbfQkmNZoiRHb6sPzI9/QV33WeuvVYBUIiD4NzNIyqaRQ==

get-intrinsic@^1.0.2, get-intrinsic@^1.1.1, get-intrinsic@^1.1.3, get-intrinsic@^1.2.0, get-intrinsic@^1.2.1, get-intrinsic@^1.2.2:
  version "1.2.2"
  resolved "https://registry.npmmirror.com/get-intrinsic/-/get-intrinsic-1.2.2.tgz#281b7622971123e1ef4b3c90fd7539306da93f3b"
  integrity sha512-0gSo4ml/0j98Y3lngkFEot/zhiCeWsbYIlZ+uZOVgzLyLaUw7wxUL+nCTP0XJvJg1AXulJRI3UJi8GsbDuxdGA==
  dependencies:
    function-bind "^1.1.2"
    has-proto "^1.0.1"
    has-symbols "^1.0.3"
    hasown "^2.0.0"

get-symbol-description@^1.0.0:
  version "1.0.0"
  resolved "https://registry.npmmirror.com/get-symbol-description/-/get-symbol-description-1.0.0.tgz#7fdb81c900101fbd564dd5f1a30af5aadc1e58d6"
  integrity sha512-2EmdH1YvIQiZpltCNgkuiUnyukzxM/R6NDJX31Ke3BG1Nq5b0S2PhX59UKi9vZpPDQVdqn+1IcaAwnzTT5vCjw==
  dependencies:
    call-bind "^1.0.2"
    get-intrinsic "^1.1.1"

gitalk@^1.8.0:
  version "1.8.0"
  resolved "https://registry.npmmirror.com/gitalk/-/gitalk-1.8.0.tgz#54cde437f399ea8ea23aeae3db5ce8dc81fe7f46"
  integrity sha512-/bWlUAeb0gXuo1SzBeduS07T4PEyL5WoRgxewUIg3liVUof5hUgW/hhx3ns2PJuiFkOxnsSuk1FPzwf6YESJaA==
  dependencies:
    autosize "3.0.21"
    axios "0.19.2"
    date-fns "2.16.1"
    es6-promise "4.1.1"
    github-markdown-css "2.8.0"
    node-polyglot "2.2.2"
    preact "8.1.0"
    preact-compat "3.16.0"
    react-flip-move "2.9.14"

github-markdown-css@2.8.0:
  version "2.8.0"
  resolved "https://registry.npmmirror.com/github-markdown-css/-/github-markdown-css-2.8.0.tgz#9c03f646f550b7e3fd9ee0ae29ee03ea2fe683a3"
  integrity sha512-4EqUN/DyAfV5RoTF3gDzuTFiCc7NraexNnIB9TxWE8/abaW/rZKv0NCCEpLqwBlAjFpKKDr7qBlOZos02wqazQ==

globalthis@^1.0.3:
  version "1.0.3"
  resolved "https://registry.npmmirror.com/globalthis/-/globalthis-1.0.3.tgz#5852882a52b80dc301b0660273e1ed082f0b6ccf"
  integrity sha512-sFdI5LyBiNTHjRd7cGPWapiHWMOXKyuBNX/cWJ3NfzrZQVa8GI/8cofCl74AOVqq9W5kNmguTIzJ/1s2gyI9wA==
  dependencies:
    define-properties "^1.1.3"

gopd@^1.0.1:
  version "1.0.1"
  resolved "https://registry.npmmirror.com/gopd/-/gopd-1.0.1.tgz#29ff76de69dac7489b7c0918a5788e56477c332c"
  integrity sha512-d65bNlIadxvpb/A2abVdlqKqV563juRnZ1Wtk6s1sIR8uNsXR70xqIzVqxVf1eTqDunwT2MkczEeaezCKTZhwA==
  dependencies:
    get-intrinsic "^1.1.3"

has-bigints@^1.0.1, has-bigints@^1.0.2:
  version "1.0.2"
  resolved "https://registry.npmmirror.com/has-bigints/-/has-bigints-1.0.2.tgz#0871bd3e3d51626f6ca0966668ba35d5602d6eaa"
  integrity sha512-tSvCKtBr9lkF0Ex0aQiP9N+OpV4zi2r/Nee5VkRDbaqv35RLYMzbwQfFSZZH0kR+Rd6302UJZ2p/bJCEoR3VoQ==

has-property-descriptors@^1.0.0, has-property-descriptors@^1.0.1:
  version "1.0.1"
  resolved "https://registry.npmmirror.com/has-property-descriptors/-/has-property-descriptors-1.0.1.tgz#52ba30b6c5ec87fd89fa574bc1c39125c6f65340"
  integrity sha512-VsX8eaIewvas0xnvinAe9bw4WfIeODpGYikiWYLH+dma0Jw6KHYqWiWfhQlgOVK8D6PvjubK5Uc4P0iIhIcNVg==
  dependencies:
    get-intrinsic "^1.2.2"

has-proto@^1.0.1:
  version "1.0.1"
  resolved "https://registry.npmmirror.com/has-proto/-/has-proto-1.0.1.tgz#1885c1305538958aff469fef37937c22795408e0"
  integrity sha512-7qE+iP+O+bgF9clE5+UoBFzE65mlBiVj3tKCrlNQ0Ogwm0BjpT/gK4SlLYDMybDh5I3TCTKnPPa0oMG7JDYrhg==

has-symbols@^1.0.2, has-symbols@^1.0.3:
  version "1.0.3"
  resolved "https://registry.npmmirror.com/has-symbols/-/has-symbols-1.0.3.tgz#bb7b2c4349251dce87b125f7bdf874aa7c8b39f8"
  integrity sha512-l3LCuF6MgDNwTDKkdYGEihYjt5pRPbEg46rtlmnSPlUbgmB8LOIrKJbYYFBSbnPaJexMKtiPO8hmeRjRz2Td+A==

has-tostringtag@^1.0.0:
  version "1.0.0"
  resolved "https://registry.npmmirror.com/has-tostringtag/-/has-tostringtag-1.0.0.tgz#7e133818a7d394734f941e73c3d3f9291e658b25"
  integrity sha512-kFjcSNhnlGV1kyoGk7OXKSawH5JOb/LzUc5w9B02hOTO0dfFRjbHQKvg1d6cf3HbeUmtU9VbbV3qzZ2Teh97WQ==
  dependencies:
    has-symbols "^1.0.2"

has@^1.0.1:
  version "1.0.4"
  resolved "https://registry.npmmirror.com/has/-/has-1.0.4.tgz#2eb2860e000011dae4f1406a86fe80e530fb2ec6"
  integrity sha512-qdSAmqLF6209RFj4VVItywPMbm3vWylknmB3nvNiUIs72xAimcM8nVYxYr7ncvZq5qzk9MKIZR8ijqD/1QuYjQ==

hasown@^2.0.0:
  version "2.0.0"
  resolved "https://registry.npmmirror.com/hasown/-/hasown-2.0.0.tgz#f4c513d454a57b7c7e1650778de226b11700546c"
  integrity sha512-vUptKVTpIJhcczKBbgnS+RtcuYMB8+oNzPK2/Hp3hanz8JmpATdmmgLgSaadVREkDm+e2giHwY3ZRkyjSIDDFA==
  dependencies:
    function-bind "^1.1.2"

immutability-helper@^2.1.2:
  version "2.9.1"
  resolved "https://registry.npmmirror.com/immutability-helper/-/immutability-helper-2.9.1.tgz#71c423ba387e67b6c6ceba0650572f2a2a6727df"
  integrity sha512-r/RmRG8xO06s/k+PIaif2r5rGc3j4Yhc01jSBfwPCXDLYZwp/yxralI37Df1mwmuzcCsen/E/ITKcTEvc1PQmQ==
  dependencies:
    invariant "^2.2.0"

internal-slot@^1.0.5:
  version "1.0.6"
  resolved "https://registry.npmmirror.com/internal-slot/-/internal-slot-1.0.6.tgz#37e756098c4911c5e912b8edbf71ed3aa116f930"
  integrity sha512-Xj6dv+PsbtwyPpEflsejS+oIZxmMlV44zAhG479uYu89MsjcYOhCFnNyKrkJrihbsiasQyY0afoCl/9BLR65bg==
  dependencies:
    get-intrinsic "^1.2.2"
    hasown "^2.0.0"
    side-channel "^1.0.4"

invariant@^2.2.0:
  version "2.2.4"
  resolved "https://registry.npmmirror.com/invariant/-/invariant-2.2.4.tgz#610f3c92c9359ce1db616e538008d23ff35158e6"
  integrity sha512-phJfQVBuaJM5raOpJjSfkiD6BpbCE4Ns//LaXl6wGYtUBY83nWS6Rf9tXm2e8VaK60JEjYldbPif/A2B1C2gNA==
  dependencies:
    loose-envify "^1.0.0"

is-array-buffer@^3.0.1, is-array-buffer@^3.0.2:
  version "3.0.2"
  resolved "https://registry.npmmirror.com/is-array-buffer/-/is-array-buffer-3.0.2.tgz#f2653ced8412081638ecb0ebbd0c41c6e0aecbbe"
  integrity sha512-y+FyyR/w8vfIRq4eQcM1EYgSTnmHXPqaF+IgzgraytCFq5Xh8lllDVmAZolPJiZttZLeFSINPYMaEJ7/vWUa1w==
  dependencies:
    call-bind "^1.0.2"
    get-intrinsic "^1.2.0"
    is-typed-array "^1.1.10"

is-bigint@^1.0.1:
  version "1.0.4"
  resolved "https://registry.npmmirror.com/is-bigint/-/is-bigint-1.0.4.tgz#08147a1875bc2b32005d41ccd8291dffc6691df3"
  integrity sha512-zB9CruMamjym81i2JZ3UMn54PKGsQzsJeo6xvN3HJJ4CAsQNB6iRutp2To77OfCNuoxspsIhzaPoO1zyCEhFOg==
  dependencies:
    has-bigints "^1.0.1"

is-boolean-object@^1.1.0:
  version "1.1.2"
  resolved "https://registry.npmmirror.com/is-boolean-object/-/is-boolean-object-1.1.2.tgz#5c6dc200246dd9321ae4b885a114bb1f75f63719"
  integrity sha512-gDYaKHJmnj4aWxyj6YHyXVpdQawtVLHU5cb+eztPGczf6cjuTdwve5ZIEfgXqH4e57An1D1AKf8CZ3kYrQRqYA==
  dependencies:
    call-bind "^1.0.2"
    has-tostringtag "^1.0.0"

is-callable@^1.1.3, is-callable@^1.1.4, is-callable@^1.2.7:
  version "1.2.7"
  resolved "https://registry.npmmirror.com/is-callable/-/is-callable-1.2.7.tgz#3bc2a85ea742d9e36205dcacdd72ca1fdc51b055"
  integrity sha512-1BC0BVFhS/p0qtw6enp8e+8OD0UrK0oFLztSjNzhcKA3WDuJxxAPXzPuPtKkjEY9UUoEWlX/8fgKeu2S8i9JTA==

is-date-object@^1.0.1:
  version "1.0.5"
  resolved "https://registry.npmmirror.com/is-date-object/-/is-date-object-1.0.5.tgz#0841d5536e724c25597bf6ea62e1bd38298df31f"
  integrity sha512-9YQaSxsAiSwcvS33MBk3wTCVnWK+HhF8VZR2jRxehM16QcVOdHqPn4VPHmRK4lSr38n9JriurInLcP90xsYNfQ==
  dependencies:
    has-tostringtag "^1.0.0"

is-negative-zero@^2.0.2:
  version "2.0.2"
  resolved "https://registry.npmmirror.com/is-negative-zero/-/is-negative-zero-2.0.2.tgz#7bf6f03a28003b8b3965de3ac26f664d765f3150"
  integrity sha512-dqJvarLawXsFbNDeJW7zAz8ItJ9cd28YufuuFzh0G8pNHjJMnY08Dv7sYX2uF5UpQOwieAeOExEYAWWfu7ZZUA==

is-number-object@^1.0.4:
  version "1.0.7"
  resolved "https://registry.npmmirror.com/is-number-object/-/is-number-object-1.0.7.tgz#59d50ada4c45251784e9904f5246c742f07a42fc"
  integrity sha512-k1U0IRzLMo7ZlYIfzRu23Oh6MiIFasgpb9X76eqfFZAqwH44UI4KTBvBYIZ1dSL9ZzChTB9ShHfLkR4pdW5krQ==
  dependencies:
    has-tostringtag "^1.0.0"

is-regex@^1.1.4:
  version "1.1.4"
  resolved "https://registry.npmmirror.com/is-regex/-/is-regex-1.1.4.tgz#eef5663cd59fa4c0ae339505323df6854bb15958"
  integrity sha512-kvRdxDsxZjhzUX07ZnLydzS1TU/TJlTUHHY4YLL87e37oUA49DfkLqgy+VjFocowy29cKvcSiu+kIv728jTTVg==
  dependencies:
    call-bind "^1.0.2"
    has-tostringtag "^1.0.0"

is-shared-array-buffer@^1.0.2:
  version "1.0.2"
  resolved "https://registry.npmmirror.com/is-shared-array-buffer/-/is-shared-array-buffer-1.0.2.tgz#8f259c573b60b6a32d4058a1a07430c0a7344c79"
  integrity sha512-sqN2UDu1/0y6uvXyStCOzyhAjCSlHceFoMKJW8W9EU9cvic/QdsZ0kEU93HEy3IUEFZIiH/3w+AH/UQbPHNdhA==
  dependencies:
    call-bind "^1.0.2"

is-string@^1.0.5, is-string@^1.0.7:
  version "1.0.7"
  resolved "https://registry.npmmirror.com/is-string/-/is-string-1.0.7.tgz#0dd12bf2006f255bb58f695110eff7491eebc0fd"
  integrity sha512-tE2UXzivje6ofPW7l23cjDOMa09gb7xlAqG6jG5ej6uPV32TlWP3NKPigtaGeHNu9fohccRYvIiZMfOOnOYUtg==
  dependencies:
    has-tostringtag "^1.0.0"

is-symbol@^1.0.2, is-symbol@^1.0.3:
  version "1.0.4"
  resolved "https://registry.npmmirror.com/is-symbol/-/is-symbol-1.0.4.tgz#a6dac93b635b063ca6872236de88910a57af139c"
  integrity sha512-C/CPBqKWnvdcxqIARxyOh4v1UUEOCHpgDa0WYgpKDFMszcrPcffg5uhwSgPCLD2WWxmq6isisz87tzT01tuGhg==
  dependencies:
    has-symbols "^1.0.2"

is-typed-array@^1.1.10, is-typed-array@^1.1.12, is-typed-array@^1.1.9:
  version "1.1.12"
  resolved "https://registry.npmmirror.com/is-typed-array/-/is-typed-array-1.1.12.tgz#d0bab5686ef4a76f7a73097b95470ab199c57d4a"
  integrity sha512-Z14TF2JNG8Lss5/HMqt0//T9JeHXttXy5pH/DBU4vi98ozO2btxzq9MwYDZYnKwU8nRsz/+GVFVRDq3DkVuSPg==
  dependencies:
    which-typed-array "^1.1.11"

is-weakref@^1.0.2:
  version "1.0.2"
  resolved "https://registry.npmmirror.com/is-weakref/-/is-weakref-1.0.2.tgz#9529f383a9338205e89765e0392efc2f100f06f2"
  integrity sha512-qctsuLZmIQ0+vSSMfoVvyFe2+GSEvnmZ2ezTup1SBse9+twCCeial6EEi3Nc2KFcf6+qz2FBPnjXsk8xhKSaPQ==
  dependencies:
    call-bind "^1.0.2"

isarray@^2.0.5:
  version "2.0.5"
  resolved "https://registry.npmmirror.com/isarray/-/isarray-2.0.5.tgz#8af1e4c1221244cc62459faf38940d4e644a5723"
  integrity sha512-xHjhDr3cNBK0BzdUJSPXZntQUx/mwMS5Rw4A7lPJ90XGAO6ISP/ePDNuo0vhqOZU+UD5JoodwCAAoZQd3FeAKw==

"js-tokens@^3.0.0 || ^4.0.0":
  version "4.0.0"
  resolved "https://registry.npmmirror.com/js-tokens/-/js-tokens-4.0.0.tgz#19203fb59991df98e3a287050d4647cdeaf32499"
  integrity sha512-RdJUflcE3cUzKiMqQgsCu06FPu9UdIJO0beYbPhHN4k6apgJtifcoCtT9bcxOpYBtpD2kCM6Sbzg4CausW/PKQ==

loose-envify@^1.0.0, loose-envify@^1.4.0:
  version "1.4.0"
  resolved "https://registry.npmmirror.com/loose-envify/-/loose-envify-1.4.0.tgz#71ee51fa7be4caec1a63839f7e682d8132d30caf"
  integrity sha512-lyuxPGr/Wfhrlem2CL/UcnUc1zcqKAImBDzukY7Y5F/yQiNdko6+fRLevlw1HgMySw7f611UIY408EtxRSoK3Q==
  dependencies:
    js-tokens "^3.0.0 || ^4.0.0"

ms@2.0.0:
  version "2.0.0"
  resolved "https://registry.npmmirror.com/ms/-/ms-2.0.0.tgz#5608aeadfc00be6c2901df5f9861788de0d597c8"
  integrity sha512-Tpp60P6IUJDTuOq/5Z8cdskzJujfwqfOTkrwIwj7IRISpnkJnT6SyJ4PCPnGMoFjC9ddhal5KVIYtAt97ix05A==

node-polyglot@2.2.2:
  version "2.2.2"
  resolved "https://registry.npmmirror.com/node-polyglot/-/node-polyglot-2.2.2.tgz#1a3f76d7392f836ea0823836ede817e6ea6ec26c"
  integrity sha512-SSQ9CjS0m19ipJltqAzPbBvl51X1Wi7seafr42Hu8wQpQCQsH1coz1R7iHO7ZaDaAf4qwpty4qyx6Tq4K86N1g==
  dependencies:
    for-each "^0.3.2"
    has "^1.0.1"
    string.prototype.trim "^1.1.2"
    warning "^3.0.0"

object-assign@^4.1.1:
  version "4.1.1"
  resolved "https://registry.npmmirror.com/object-assign/-/object-assign-4.1.1.tgz#2109adc7965887cfc05cbbd442cac8bfbb360863"
  integrity sha512-rJgTQnkUnH1sFw8yT6VSU3zD3sWmu6sZhIseY8VX+GRu3P6F7Fu+JNDoXfklElbLJSnc3FUQHVe4cU5hj+BcUg==

object-inspect@^1.13.1, object-inspect@^1.9.0:
  version "1.13.1"
  resolved "https://registry.npmmirror.com/object-inspect/-/object-inspect-1.13.1.tgz#b96c6109324ccfef6b12216a956ca4dc2ff94bc2"
  integrity sha512-5qoj1RUiKOMsCCNLV1CBiPYE10sziTsnmNxkAI/rZhiD63CF7IqdFGC/XzjWjpSgLf0LxXX3bDFIh0E18f6UhQ==

object-keys@^1.1.1:
  version "1.1.1"
  resolved "https://registry.npmmirror.com/object-keys/-/object-keys-1.1.1.tgz#1c47f272df277f3b1daf061677d9c82e2322c60e"
  integrity sha512-NuAESUOUMrlIXOfHKzD6bpPu3tYt3xvjNdRIQ+FeT0lNb4K8WR70CaDxhuNguS2XG+GjkyMwOzsN5ZktImfhLA==

object.assign@^4.1.4:
  version "4.1.5"
  resolved "https://registry.npmmirror.com/object.assign/-/object.assign-4.1.5.tgz#3a833f9ab7fdb80fc9e8d2300c803d216d8fdbb0"
  integrity sha512-byy+U7gp+FVwmyzKPYhW2h5l3crpmGsxl7X2s8y43IgxvG4g3QZ6CffDtsNQy1WsmZpQbO+ybo0AlW7TY6DcBQ==
  dependencies:
    call-bind "^1.0.5"
    define-properties "^1.2.1"
    has-symbols "^1.0.3"
    object-keys "^1.1.1"

preact-compat@3.16.0:
  version "3.16.0"
  resolved "https://registry.npmmirror.com/preact-compat/-/preact-compat-3.16.0.tgz#cf2bc1b2f8fca14900d68094f9e10b8b329cc41e"
  integrity sha512-m9BPZwhKL4bYEHglppBNGeBWdo8mVCsX8SzSzC+YHRUvtYDfcA3/wXb0T+bDZDiJ4hkTxriK/ybVBOMyJ48Ieg==
  dependencies:
    immutability-helper "^2.1.2"
    preact-render-to-string "^3.6.0"
    preact-transition-group "^1.1.0"
    prop-types "^15.5.8"
    standalone-react-addons-pure-render-mixin "^0.1.1"

preact-render-to-string@^3.6.0:
  version "3.8.2"
  resolved "https://registry.npmmirror.com/preact-render-to-string/-/preact-render-to-string-3.8.2.tgz#bd72964d705a57da3a9e72098acaa073dd3ceff9"
  integrity sha512-przuZPajiurStGgxMoJP0EJeC4xj5CgHv+M7GfF3YxAdhGgEWAkhOSE0xympAFN20uMayntBZpttIZqqLl77fw==
  dependencies:
    pretty-format "^3.5.1"

preact-transition-group@^1.1.0:
  version "1.1.1"
  resolved "https://registry.npmmirror.com/preact-transition-group/-/preact-transition-group-1.1.1.tgz#f0a49327ea515ece34ea2be864c4a7d29e5d6e10"
  integrity sha512-v89XLodCvylf5lMrhI+LqIhDsAjWfiDKV4keAU+L5yDtxmqn8uvjZXn+haKMEG0x0PZz81own19SuNJD5NlOFQ==

preact@8.1.0:
  version "8.1.0"
  resolved "https://registry.npmmirror.com/preact/-/preact-8.1.0.tgz#f035b808eebb74e46d56246b02ca0f190b6d6574"
  integrity sha512-JrRktQ5XOM5TXAc47FED+KKamm9yopsrLSj0x6e8++gZanXag4G84Zyz713LoywGDfXCi9acT5y/Hs3NhP+SdQ==

pretty-format@^3.5.1:
  version "3.8.0"
  resolved "https://registry.npmmirror.com/pretty-format/-/pretty-format-3.8.0.tgz#bfbed56d5e9a776645f4b1ff7aa1a3ac4fa3c385"
  integrity sha512-WuxUnVtlWL1OfZFQFuqvnvs6MiAGk9UNsBostyBOB0Is9wb5uRESevA6rnl/rkksXaGX3GzZhPup5d6Vp1nFew==

prop-types@^15.5.8:
  version "15.8.1"
  resolved "https://registry.npmmirror.com/prop-types/-/prop-types-15.8.1.tgz#67d87bf1a694f48435cf332c24af10214a3140b5"
  integrity sha512-oj87CgZICdulUohogVAR7AjlC0327U4el4L6eAvOqCeudMDVU0NThNaV+b9Df4dXgSP1gXMTnPdhfe/2qDH5cg==
  dependencies:
    loose-envify "^1.4.0"
    object-assign "^4.1.1"
    react-is "^16.13.1"

react-flip-move@2.9.14:
  version "2.9.14"
  resolved "https://registry.npmmirror.com/react-flip-move/-/react-flip-move-2.9.14.tgz#3b60e44493a4bbe115a8c3d678b844776bbab453"
  integrity sha512-XD8R8KPLa9GG3NM83FuWPJSGB9Emr2if9NQlJseZkE0YKd4cGq9gr74ehc/Erxr1nPo/Ln5uXf3LAImGG21TeQ==

react-is@^16.13.1:
  version "16.13.1"
  resolved "https://registry.npmmirror.com/react-is/-/react-is-16.13.1.tgz#789729a4dc36de2999dc156dd6c1d9c18cea56a4"
  integrity sha512-24e6ynE2H+OKt4kqsOvNd8kBpV65zoxbA4BVsEOB3ARVWQki/DHzaUoC5KuON/BiccDaCCTZBuOcfZs70kR8bQ==

regexp.prototype.flags@^1.5.1:
  version "1.5.1"
  resolved "https://registry.npmmirror.com/regexp.prototype.flags/-/regexp.prototype.flags-1.5.1.tgz#90ce989138db209f81492edd734183ce99f9677e"
  integrity sha512-sy6TXMN+hnP/wMy+ISxg3krXx7BAtWVO4UouuCN/ziM9UEne0euamVNafDfvC83bRNr95y0V5iijeDQFUNpvrg==
  dependencies:
    call-bind "^1.0.2"
    define-properties "^1.2.0"
    set-function-name "^2.0.0"

safe-array-concat@^1.0.1:
  version "1.1.0"
  resolved "https://registry.npmmirror.com/safe-array-concat/-/safe-array-concat-1.1.0.tgz#8d0cae9cb806d6d1c06e08ab13d847293ebe0692"
  integrity sha512-ZdQ0Jeb9Ofti4hbt5lX3T2JcAamT9hfzYU1MNB+z/jaEbB6wfFfPIR/zEORmZqobkCCJhSjodobH6WHNmJ97dg==
  dependencies:
    call-bind "^1.0.5"
    get-intrinsic "^1.2.2"
    has-symbols "^1.0.3"
    isarray "^2.0.5"

safe-regex-test@^1.0.0:
  version "1.0.2"
  resolved "https://registry.npmmirror.com/safe-regex-test/-/safe-regex-test-1.0.2.tgz#3ba32bdb3ea35f940ee87e5087c60ee786c3f6c5"
  integrity sha512-83S9w6eFq12BBIJYvjMux6/dkirb8+4zJRA9cxNBVb7Wq5fJBW+Xze48WqR8pxua7bDuAaaAxtVVd4Idjp1dBQ==
  dependencies:
    call-bind "^1.0.5"
    get-intrinsic "^1.2.2"
    is-regex "^1.1.4"

set-function-length@^1.1.1:
  version "1.2.0"
  resolved "https://registry.npmmirror.com/set-function-length/-/set-function-length-1.2.0.tgz#2f81dc6c16c7059bda5ab7c82c11f03a515ed8e1"
  integrity sha512-4DBHDoyHlM1IRPGYcoxexgh67y4ueR53FKV1yyxwFMY7aCqcN/38M1+SwZ/qJQ8iLv7+ck385ot4CcisOAPT9w==
  dependencies:
    define-data-property "^1.1.1"
    function-bind "^1.1.2"
    get-intrinsic "^1.2.2"
    gopd "^1.0.1"
    has-property-descriptors "^1.0.1"

set-function-name@^2.0.0:
  version "2.0.1"
  resolved "https://registry.npmmirror.com/set-function-name/-/set-function-name-2.0.1.tgz#12ce38b7954310b9f61faa12701620a0c882793a"
  integrity sha512-tMNCiqYVkXIZgc2Hnoy2IvC/f8ezc5koaRFkCjrpWzGpCd3qbZXPzVy9MAZzK1ch/X0jvSkojys3oqJN0qCmdA==
  dependencies:
    define-data-property "^1.0.1"
    functions-have-names "^1.2.3"
    has-property-descriptors "^1.0.0"

side-channel@^1.0.4:
  version "1.0.4"
  resolved "https://registry.npmmirror.com/side-channel/-/side-channel-1.0.4.tgz#efce5c8fdc104ee751b25c58d4290011fa5ea2cf"
  integrity sha512-q5XPytqFEIKHkGdiMIrY10mvLRvnQh42/+GoBlFW3b2LXLE2xxJpZFdm94we0BaoV3RwJyGqg5wS7epxTv0Zvw==
  dependencies:
    call-bind "^1.0.0"
    get-intrinsic "^1.0.2"
    object-inspect "^1.9.0"

standalone-react-addons-pure-render-mixin@^0.1.1:
  version "0.1.1"
  resolved "https://registry.npmmirror.com/standalone-react-addons-pure-render-mixin/-/standalone-react-addons-pure-render-mixin-0.1.1.tgz#3c7409f4c79c40de9ac72c616cf679a994f37551"
  integrity sha512-HFkwqpJmvz4vxHyzdeUcjtsp8Am+NauLXdU2/YXT1/InPbszaRo1cLPAy/58H7oOPNNjteqHcv04JEw+d9C+Xw==

string.prototype.trim@^1.1.2, string.prototype.trim@^1.2.8:
  version "1.2.8"
  resolved "https://registry.npmmirror.com/string.prototype.trim/-/string.prototype.trim-1.2.8.tgz#f9ac6f8af4bd55ddfa8895e6aea92a96395393bd"
  integrity sha512-lfjY4HcixfQXOfaqCvcBuOIapyaroTXhbkfJN3gcB1OtyupngWK4sEET9Knd0cXd28kTUqu/kHoV4HKSJdnjiQ==
  dependencies:
    call-bind "^1.0.2"
    define-properties "^1.2.0"
    es-abstract "^1.22.1"

string.prototype.trimend@^1.0.7:
  version "1.0.7"
  resolved "https://registry.npmmirror.com/string.prototype.trimend/-/string.prototype.trimend-1.0.7.tgz#1bb3afc5008661d73e2dc015cd4853732d6c471e"
  integrity sha512-Ni79DqeB72ZFq1uH/L6zJ+DKZTkOtPIHovb3YZHQViE+HDouuU4mBrLOLDn5Dde3RF8qw5qVETEjhu9locMLvA==
  dependencies:
    call-bind "^1.0.2"
    define-properties "^1.2.0"
    es-abstract "^1.22.1"

string.prototype.trimstart@^1.0.7:
  version "1.0.7"
  resolved "https://registry.npmmirror.com/string.prototype.trimstart/-/string.prototype.trimstart-1.0.7.tgz#d4cdb44b83a4737ffbac2d406e405d43d0184298"
  integrity sha512-NGhtDFu3jCEm7B4Fy0DpLewdJQOZcQ0rGbwQ/+stjnrp2i+rlKeCvos9hOIeCmqwratM47OBxY7uFZzjxHXmrg==
  dependencies:
    call-bind "^1.0.2"
    define-properties "^1.2.0"
    es-abstract "^1.22.1"

typed-array-buffer@^1.0.0:
  version "1.0.0"
  resolved "https://registry.npmmirror.com/typed-array-buffer/-/typed-array-buffer-1.0.0.tgz#18de3e7ed7974b0a729d3feecb94338d1472cd60"
  integrity sha512-Y8KTSIglk9OZEr8zywiIHG/kmQ7KWyjseXs1CbSo8vC42w7hg2HgYTxSWwP0+is7bWDc1H+Fo026CpHFwm8tkw==
  dependencies:
    call-bind "^1.0.2"
    get-intrinsic "^1.2.1"
    is-typed-array "^1.1.10"

typed-array-byte-length@^1.0.0:
  version "1.0.0"
  resolved "https://registry.npmmirror.com/typed-array-byte-length/-/typed-array-byte-length-1.0.0.tgz#d787a24a995711611fb2b87a4052799517b230d0"
  integrity sha512-Or/+kvLxNpeQ9DtSydonMxCx+9ZXOswtwJn17SNLvhptaXYDJvkFFP5zbfU/uLmvnBJlI4yrnXRxpdWH/M5tNA==
  dependencies:
    call-bind "^1.0.2"
    for-each "^0.3.3"
    has-proto "^1.0.1"
    is-typed-array "^1.1.10"

typed-array-byte-offset@^1.0.0:
  version "1.0.0"
  resolved "https://registry.npmmirror.com/typed-array-byte-offset/-/typed-array-byte-offset-1.0.0.tgz#cbbe89b51fdef9cd6aaf07ad4707340abbc4ea0b"
  integrity sha512-RD97prjEt9EL8YgAgpOkf3O4IF9lhJFr9g0htQkm0rchFp/Vx7LW5Q8fSXXub7BXAODyUQohRMyOc3faCPd0hg==
  dependencies:
    available-typed-arrays "^1.0.5"
    call-bind "^1.0.2"
    for-each "^0.3.3"
    has-proto "^1.0.1"
    is-typed-array "^1.1.10"

typed-array-length@^1.0.4:
  version "1.0.4"
  resolved "https://registry.npmmirror.com/typed-array-length/-/typed-array-length-1.0.4.tgz#89d83785e5c4098bec72e08b319651f0eac9c1bb"
  integrity sha512-KjZypGq+I/H7HI5HlOoGHkWUUGq+Q0TPhQurLbyrVrvnKTBgzLhIJ7j6J/XTQOi0d1RjyZ0wdas8bKs2p0x3Ng==
  dependencies:
    call-bind "^1.0.2"
    for-each "^0.3.3"
    is-typed-array "^1.1.9"

unbox-primitive@^1.0.2:
  version "1.0.2"
  resolved "https://registry.npmmirror.com/unbox-primitive/-/unbox-primitive-1.0.2.tgz#29032021057d5e6cdbd08c5129c226dff8ed6f9e"
  integrity sha512-61pPlCD9h51VoreyJ0BReideM3MDKMKnh6+V9L08331ipq6Q8OFXZYiqP6n/tbHx4s5I9uRhcye6BrbkizkBDw==
  dependencies:
    call-bind "^1.0.2"
    has-bigints "^1.0.2"
    has-symbols "^1.0.3"
    which-boxed-primitive "^1.0.2"

warning@^3.0.0:
  version "3.0.0"
  resolved "https://registry.npmmirror.com/warning/-/warning-3.0.0.tgz#32e5377cb572de4ab04753bdf8821c01ed605b7c"
  integrity sha512-jMBt6pUrKn5I+OGgtQ4YZLdhIeJmObddh6CsibPxyQ5yPZm1XExSyzC1LCNX7BzhxWgiHmizBWJTHJIjMjTQYQ==
  dependencies:
    loose-envify "^1.0.0"

which-boxed-primitive@^1.0.2:
  version "1.0.2"
  resolved "https://registry.npmmirror.com/which-boxed-primitive/-/which-boxed-primitive-1.0.2.tgz#13757bc89b209b049fe5d86430e21cf40a89a8e6"
  integrity sha512-bwZdv0AKLpplFY2KZRX6TvyuN7ojjr7lwkg6ml0roIy9YeuSr7JS372qlNW18UQYzgYK9ziGcerWqZOmEn9VNg==
  dependencies:
    is-bigint "^1.0.1"
    is-boolean-object "^1.1.0"
    is-number-object "^1.0.4"
    is-string "^1.0.5"
    is-symbol "^1.0.3"

which-typed-array@^1.1.11, which-typed-array@^1.1.13:
  version "1.1.13"
  resolved "https://registry.npmmirror.com/which-typed-array/-/which-typed-array-1.1.13.tgz#870cd5be06ddb616f504e7b039c4c24898184d36"
  integrity sha512-P5Nra0qjSncduVPEAr7xhoF5guty49ArDTwzJ/yNuPIbZppyRxFQsRCWrocxIY+CnMVG+qfbU2FmDKyvSGClow==
  dependencies:
    available-typed-arrays "^1.0.5"
    call-bind "^1.0.4"
    for-each "^0.3.3"
    gopd "^1.0.1"
    has-tostringtag "^1.0.0"
